
Microsoft Visual Studio Solution File, Format Version 12.00
# Visual Studio Version 17
VisualStudioVersion = 17.0.31919.166
MinimumVisualStudioVersion = 10.0.40219.1
Project("{9A19103F-16F7-4668-BE54-9A1E7A4F7556}") = "WorldSurvival", "WorldSurvival.csproj", "{D63BDD85-0911-4681-83D5-35F5A5D6FFD1}"
EndProject
Global
	GlobalSection(SolutionConfigurationPlatforms) = preSolution
		Debug|Any CPU = Debug|Any CPU
		Release|Any CPU = Release|Any CPU
	EndGlobalSection
	GlobalSection(ProjectConfigurationPlatforms) = postSolution
		{D63BDD85-0911-4681-83D5-35F5A5D6FFD1}.Debug|Any CPU.ActiveCfg = Debug|Any CPU
		{D63BDD85-0911-4681-83D5-35F5A5D6FFD1}.Debug|Any CPU.Build.0 = Debug|Any CPU
		{D63BDD85-0911-4681-83D5-35F5A5D6FFD1}.Release|Any CPU.ActiveCfg = Release|Any CPU
		{D63BDD85-0911-4681-83D5-35F5A5D6FFD1}.Release|Any CPU.Build.0 = Release|Any CPU
	EndGlobalSection
	GlobalSection(SolutionProperties) = preSolution
		HideSolutionNode = FALSE
	EndGlobalSection
	GlobalSection(ExtensibilityGlobals) = postSolution
		SolutionGuid = {D1854973-611F-4BA3-A6E1-92D0C3D59662}
	EndGlobalSection
EndGlobal
